lockfileVersion: '6.0'

settings:
  autoInstallPeers: true
  excludeLinksFromLockfile: false

dependencies:
  '@otterop/lang':
    specifier: file:../lang
    version: file:../lang

devDependencies:
  '@types/node':
    specifier: ^18.11.17
    version: 18.19.3
  typescript:
    specifier: ^4.9.4
    version: 4.9.5

packages:

  /@types/node@18.19.3:
    resolution: {integrity: sha512-k5fggr14DwAytoA/t8rPrIz++lXK7/DqckthCmoZOKNsEbJkId4Z//BqgApXBUGrGddrigYa1oqheo/7YmW4rg==}
    dependencies:
      undici-types: 5.26.5
    dev: true

  /typescript@4.9.5:
    resolution: {integrity: sha512-1FXk9E2Hm+QzZQ7z+McJiHL4NW1F2EzMu9Nq9i3zAaGqibafqYwCVU6WyWAuyQRRzOlxou8xZSyXLEN8oKj24g==}
    engines: {node: '>=4.2.0'}
    hasBin: true
    dev: true

  /undici-types@5.26.5:
    resolution: {integrity: sha512-JlCMO+ehdEIKqlFxk6IfVoAUVmgz7cU7zD/h9XZ0qzeosSHmUJVOzSQvvYSYWXkFXC+IfLKSIffhv0sVZup6pA==}
    dev: true

  file:../lang:
    resolution: {directory: ../lang, type: directory}
    name: '@otterop/lang'
    dev: false
